# THIS IS AN AUTOGENERATED FILE. DO NOT EDIT THIS FILE DIRECTLY.
# yarn lockfile v1


"@biomejs/biome@2.3.10":
  version "2.3.10"
  resolved "https://registry.npmjs.org/@biomejs/biome/-/biome-2.3.10.tgz"
  integrity sha512-/uWSUd1MHX2fjqNLHNL6zLYWBbrJeG412/8H7ESuK8ewoRoMPUgHDebqKrPTx/5n6f17Xzqc9hdg3MEqA5hXnQ==
  optionalDependencies:
    "@biomejs/cli-darwin-arm64" "2.3.10"
    "@biomejs/cli-darwin-x64" "2.3.10"
    "@biomejs/cli-linux-arm64" "2.3.10"
    "@biomejs/cli-linux-arm64-musl" "2.3.10"
    "@biomejs/cli-linux-x64" "2.3.10"
    "@biomejs/cli-linux-x64-musl" "2.3.10"
    "@biomejs/cli-win32-arm64" "2.3.10"
    "@biomejs/cli-win32-x64" "2.3.10"

"@biomejs/cli-darwin-arm64@2.3.10":
  version "2.3.10"
  resolved "https://registry.npmjs.org/@biomejs/cli-darwin-arm64/-/cli-darwin-arm64-2.3.10.tgz"
  integrity sha512-M6xUjtCVnNGFfK7HMNKa593nb7fwNm43fq1Mt71kpLpb+4mE7odO8W/oWVDyBVO4ackhresy1ZYO7OJcVo/B7w==

"@biomejs/cli-darwin-x64@2.3.10":
  version "2.3.10"
  resolved "https://registry.npmjs.org/@biomejs/cli-darwin-x64/-/cli-darwin-x64-2.3.10.tgz"
  integrity sha512-Vae7+V6t/Avr8tVbFNjnFSTKZogZHFYl7MMH62P/J1kZtr0tyRQ9Fe0onjqjS2Ek9lmNLmZc/VR5uSekh+p1fg==

"@biomejs/cli-linux-arm64-musl@2.3.10":
  version "2.3.10"
  resolved "https://registry.npmjs.org/@biomejs/cli-linux-arm64-musl/-/cli-linux-arm64-musl-2.3.10.tgz"
  integrity sha512-B9DszIHkuKtOH2IFeeVkQmSMVUjss9KtHaNXquYYWCjH8IstNgXgx5B0aSBQNr6mn4RcKKRQZXn9Zu1rM3O0/A==

"@biomejs/cli-linux-arm64@2.3.10":
  version "2.3.10"
  resolved "https://registry.npmjs.org/@biomejs/cli-linux-arm64/-/cli-linux-arm64-2.3.10.tgz"
  integrity sha512-hhPw2V3/EpHKsileVOFynuWiKRgFEV48cLe0eA+G2wO4SzlwEhLEB9LhlSrVeu2mtSn205W283LkX7Fh48CaxA==

"@biomejs/cli-linux-x64-musl@2.3.10":
  version "2.3.10"
  resolved "https://registry.npmjs.org/@biomejs/cli-linux-x64-musl/-/cli-linux-x64-musl-2.3.10.tgz"
  integrity sha512-QTfHZQh62SDFdYc2nfmZFuTm5yYb4eO1zwfB+90YxUumRCR171tS1GoTX5OD0wrv4UsziMPmrePMtkTnNyYG3g==

"@biomejs/cli-linux-x64@2.3.10":
  version "2.3.10"
  resolved "https://registry.npmjs.org/@biomejs/cli-linux-x64/-/cli-linux-x64-2.3.10.tgz"
  integrity sha512-wwAkWD1MR95u+J4LkWP74/vGz+tRrIQvr8kfMMJY8KOQ8+HMVleREOcPYsQX82S7uueco60L58Wc6M1I9WA9Dw==

"@biomejs/cli-win32-arm64@2.3.10":
  version "2.3.10"
  resolved "https://registry.npmjs.org/@biomejs/cli-win32-arm64/-/cli-win32-arm64-2.3.10.tgz"
  integrity sha512-o7lYc9n+CfRbHvkjPhm8s9FgbKdYZu5HCcGVMItLjz93EhgJ8AM44W+QckDqLA9MKDNFrR8nPbO4b73VC5kGGQ==

"@biomejs/cli-win32-x64@2.3.10":
  version "2.3.10"
  resolved "https://registry.npmjs.org/@biomejs/cli-win32-x64/-/cli-win32-x64-2.3.10.tgz"
  integrity sha512-pHEFgq7dUEsKnqG9mx9bXihxGI49X+ar+UBrEIj3Wqj3UCZp1rNgV+OoyjFgcXsjCWpuEAF4VJdkZr3TrWdCbQ==

"@cloudflare/kv-asset-handler@0.4.1":
  version "0.4.1"
  dependencies:
    mime "^3.0.0"

"@cloudflare/unenv-preset@2.7.13":
  version "2.7.13"

"@cloudflare/workerd-darwin-arm64@1.20251210.0":
  version "1.20251210.0"

"@cspotcode/source-map-support@0.8.1":
  version "0.8.1"
  dependencies:
    "@jridgewell/trace-mapping" "0.3.9"

"@esbuild/darwin-arm64@0.27.0":
  version "0.27.0"

"@img/sharp-darwin-arm64@0.33.5":
  version "0.33.5"
  optionalDependencies:
    "@img/sharp-libvips-darwin-arm64" "1.0.4"

"@img/sharp-libvips-darwin-arm64@1.0.4":
  version "1.0.4"

"@jridgewell/resolve-uri@^3.0.3":
  version "3.1.2"

"@jridgewell/sourcemap-codec@^1.4.10":
  version "1.5.5"

"@jridgewell/trace-mapping@0.3.9":
  version "0.3.9"
  dependencies:
    "@jridgewell/resolve-uri" "^3.0.3"
    "@jridgewell/sourcemap-codec" "^1.4.10"

"@poppinss/colors@^4.1.5":
  version "4.1.6"
  dependencies:
    kleur "^4.1.5"

"@poppinss/dumper@^0.6.4":
  version "0.6.5"
  dependencies:
    "@poppinss/colors" "^4.1.5"
    "@sindresorhus/is" "^7.0.2"
    supports-color "^10.0.0"

"@poppinss/exception@^1.2.2":
  version "1.2.3"

"@sindresorhus/is@^7.0.2":
  version "7.1.1"

"@speed-highlight/core@^1.2.7":
  version "1.2.12"

acorn-walk@8.3.2:
  version "8.3.2"

acorn@8.14.0:
  version "8.14.0"

blake3-wasm@2.1.5:
  version "2.1.5"

color-convert@^2.0.1:
  version "2.0.1"
  dependencies:
    color-name "~1.1.4"

color-name@^1.0.0, color-name@~1.1.4:
  version "1.1.4"

color-string@^1.9.0:
  version "1.9.1"
  dependencies:
    color-name "^1.0.0"
    simple-swizzle "^0.2.2"

color@^4.2.3:
  version "4.2.3"
  dependencies:
    color-convert "^2.0.1"
    color-string "^1.9.0"

cookie@^1.0.2:
  version "1.1.1"

detect-libc@^2.0.3:
  version "2.1.2"

error-stack-parser-es@^1.0.5:
  version "1.0.5"

esbuild@0.27.0:
  version "0.27.0"
  optionalDependencies:
    "@esbuild/aix-ppc64" "0.27.0"
    "@esbuild/android-arm" "0.27.0"
    "@esbuild/android-arm64" "0.27.0"
    "@esbuild/android-x64" "0.27.0"
    "@esbuild/darwin-arm64" "0.27.0"
    "@esbuild/darwin-x64" "0.27.0"
    "@esbuild/freebsd-arm64" "0.27.0"
    "@esbuild/freebsd-x64" "0.27.0"
    "@esbuild/linux-arm" "0.27.0"
    "@esbuild/linux-arm64" "0.27.0"
    "@esbuild/linux-ia32" "0.27.0"
    "@esbuild/linux-loong64" "0.27.0"
    "@esbuild/linux-mips64el" "0.27.0"
    "@esbuild/linux-ppc64" "0.27.0"
    "@esbuild/linux-riscv64" "0.27.0"
    "@esbuild/linux-s390x" "0.27.0"
    "@esbuild/linux-x64" "0.27.0"
    "@esbuild/netbsd-arm64" "0.27.0"
    "@esbuild/netbsd-x64" "0.27.0"
    "@esbuild/openbsd-arm64" "0.27.0"
    "@esbuild/openbsd-x64" "0.27.0"
    "@esbuild/openharmony-arm64" "0.27.0"
    "@esbuild/sunos-x64" "0.27.0"
    "@esbuild/win32-arm64" "0.27.0"
    "@esbuild/win32-ia32" "0.27.0"
    "@esbuild/win32-x64" "0.27.0"

exit-hook@2.2.1:
  version "2.2.1"

fsevents@~2.3.2:
  version "2.3.3"

glob-to-regexp@0.4.1:
  version "0.4.1"

hono@^4.11.0:
  version "4.11.0"

is-arrayish@^0.3.1:
  version "0.3.4"

kleur@^4.1.5:
  version "4.1.5"

mime@^3.0.0:
  version "3.0.0"

miniflare@4.20251210.0:
  version "4.20251210.0"
  dependencies:
    "@cspotcode/source-map-support" "0.8.1"
    acorn "8.14.0"
    acorn-walk "8.3.2"
    exit-hook "2.2.1"
    glob-to-regexp "0.4.1"
    sharp "^0.33.5"
    stoppable "1.1.0"
    undici "7.14.0"
    workerd "1.20251210.0"
    ws "8.18.0"
    youch "4.1.0-beta.10"
    zod "3.22.3"

path-to-regexp@6.3.0:
  version "6.3.0"

pathe@^2.0.3:
  version "2.0.3"

semver@^7.6.3:
  version "7.7.3"

sharp@^0.33.5:
  version "0.33.5"
  dependencies:
    color "^4.2.3"
    detect-libc "^2.0.3"
    semver "^7.6.3"
  optionalDependencies:
    "@img/sharp-darwin-arm64" "0.33.5"
    "@img/sharp-darwin-x64" "0.33.5"
    "@img/sharp-libvips-darwin-arm64" "1.0.4"
    "@img/sharp-libvips-darwin-x64" "1.0.4"
    "@img/sharp-libvips-linux-arm" "1.0.5"
    "@img/sharp-libvips-linux-arm64" "1.0.4"
    "@img/sharp-libvips-linux-s390x" "1.0.4"
    "@img/sharp-libvips-linux-x64" "1.0.4"
    "@img/sharp-libvips-linuxmusl-arm64" "1.0.4"
    "@img/sharp-libvips-linuxmusl-x64" "1.0.4"
    "@img/sharp-linux-arm" "0.33.5"
    "@img/sharp-linux-arm64" "0.33.5"
    "@img/sharp-linux-s390x" "0.33.5"
    "@img/sharp-linux-x64" "0.33.5"
    "@img/sharp-linuxmusl-arm64" "0.33.5"
    "@img/sharp-linuxmusl-x64" "0.33.5"
    "@img/sharp-wasm32" "0.33.5"
    "@img/sharp-win32-ia32" "0.33.5"
    "@img/sharp-win32-x64" "0.33.5"

simple-swizzle@^0.2.2:
  version "0.2.4"
  dependencies:
    is-arrayish "^0.3.1"

stoppable@1.1.0:
  version "1.1.0"

supports-color@^10.0.0:
  version "10.2.2"

typescript@^5.9.3:
  version "5.9.3"

undici@7.14.0:
  version "7.14.0"

unenv@2.0.0-rc.24:
  version "2.0.0-rc.24"
  dependencies:
    pathe "^2.0.3"

workerd@^1.20251202.0, workerd@1.20251210.0:
  version "1.20251210.0"
  optionalDependencies:
    "@cloudflare/workerd-darwin-64" "1.20251210.0"
    "@cloudflare/workerd-darwin-arm64" "1.20251210.0"
    "@cloudflare/workerd-linux-64" "1.20251210.0"
    "@cloudflare/workerd-linux-arm64" "1.20251210.0"
    "@cloudflare/workerd-windows-64" "1.20251210.0"

wrangler@^4.54.0:
  version "4.54.0"
  dependencies:
    "@cloudflare/kv-asset-handler" "0.4.1"
    "@cloudflare/unenv-preset" "2.7.13"
    blake3-wasm "2.1.5"
    esbuild "0.27.0"
    miniflare "4.20251210.0"
    path-to-regexp "6.3.0"
    unenv "2.0.0-rc.24"
    workerd "1.20251210.0"
  optionalDependencies:
    fsevents "~2.3.2"

ws@8.18.0:
  version "8.18.0"

youch-core@^0.3.3:
  version "0.3.3"
  dependencies:
    "@poppinss/exception" "^1.2.2"
    error-stack-parser-es "^1.0.5"

youch@4.1.0-beta.10:
  version "4.1.0-beta.10"
  dependencies:
    "@poppinss/colors" "^4.1.5"
    "@poppinss/dumper" "^0.6.4"
    "@speed-highlight/core" "^1.2.7"
    cookie "^1.0.2"
    youch-core "^0.3.3"

zod@3.22.3:
  version "3.22.3"
